# THIS IS AN AUTOGENERATED FILE. DO NOT EDIT THIS FILE DIRECTLY.
# yarn lockfile v1


flow-bin@0.91.0:
  version "0.91.0"
  resolved "https://unpm.uberinternal.com/flow-bin/-/flow-bin-0.91.0.tgz#f5c89729f74b2ccbd47df6fbfadbdcc89cc1e478"
  integrity sha512-j+L+xNiUYnZZ27MjVI0y2c9474ZHOvdSQq0Tjwh56mEA7tfxYqp5Dcb6aZSwvs3tGMTjCrZow9aUlZf3OoRyDQ==
