# THIS IS AN AUTOGENERATED FILE. DO NOT EDIT THIS FILE DIRECTLY.
# yarn lockfile v1


"@rush-temp/my-private@file:./projects/my-private.tgz":
  version "0.0.0"
  resolved "file:./projects/my-private.tgz#76e18f31cf778395a84ec6a7055f5594b5035b91"

"@rush-temp/my-public@file:./projects/my-public.tgz":
  version "0.0.0"
  resolved "file:./projects/my-public.tgz#25de838d757bc55b3447f282c4fa1ab93da46430"
